// !$*UTF8*$!
{
	archiveVersion = 1;
	classes = {
	};
	objectVersion = 46;
	objects = {

/* Begin PBXBuildFile section */
		BC6DB5FD1DB4C17900DFAB0E /* main.m in Sources */ = {isa = PBXBuildFile; fileRef = BC6DB5FC1DB4C17900DFAB0E /* main.m */; };
		BC6DB6001DB4C17900DFAB0E /* AppDelegate.m in Sources */ = {isa = PBXBuildFile; fileRef = BC6DB5FF1DB4C17900DFAB0E /* AppDelegate.m */; };
		BC6DB6031DB4C17900DFAB0E /* ViewController.m in Sources */ = {isa = PBXBuildFile; fileRef = BC6DB6021DB4C17900DFAB0E /* ViewController.m */; };
		BC6DB6061DB4C17900DFAB0E /* Main.storyboard in Resources */ = {isa = PBXBuildFile; fileRef = BC6DB6041DB4C17900DFAB0E /* Main.storyboard */; };
		BC6DB6081DB4C17900DFAB0E /* Assets.xcassets in Resources */ = {isa = PBXBuildFile; fileRef = BC6DB6071DB4C17900DFAB0E /* Assets.xcassets */; };
		BC6DB60B1DB4C17900DFAB0E /* LaunchScreen.storyboard in Resources */ = {isa = PBXBuildFile; fileRef = BC6DB6091DB4C17900DFAB0E /* LaunchScreen.storyboard */; };
		BC6DB6141DB4C21400DFAB0E /* Security.framework in Frameworks */ = {isa = PBXBuildFile; fileRef = BC6DB6131DB4C21400DFAB0E /* Security.framework */; };
		BC6DB6181DB4C3B300DFAB0E /* public_key.der in Resources */ = {isa = PBXBuildFile; fileRef = BC6DB6161DB4C3B300DFAB0E /* public_key.der */; };
		BC6DB6191DB4C3B300DFAB0E /* private_key.p12 in Resources */ = {isa = PBXBuildFile; fileRef = BC6DB6171DB4C3B300DFAB0E /* private_key.p12 */; };
		BC6DB61F1DB4C48B00DFAB0E /* RSAEncryptor.m in Sources */ = {isa = PBXBuildFile; fileRef = BC6DB61E1DB4C48B00DFAB0E /* RSAEncryptor.m */; };
		BC7E74DE1DCA2028003F99ED /* private.p12 in Resources */ = {isa = PBXBuildFile; fileRef = BC7E74DD1DCA2028003F99ED /* private.p12 */; };
		BC7E74E01DCA2383003F99ED /* apple_pay.cer in Resources */ = {isa = PBXBuildFile; fileRef = BC7E74DF1DCA2383003F99ED /* apple_pay.cer */; };
/* End PBXBuildFile section */

/* Begin PBXFileReference section */
		BC6DB5F81DB4C17900DFAB0E /* DM_RSA.app */ = {isa = PBXFileReference; explicitFileType = wrapper.application; includeInIndex = 0; path = DM_RSA.app; sourceTree = BUILT_PRODUCTS_DIR; };
		BC6DB5FC1DB4C17900DFAB0E /* main.m */ = {isa = PBXFileReference; lastKnownFileType = sourcecode.c.objc; path = main.m; sourceTree = "<group>"; };
		BC6DB5FE1DB4C17900DFAB0E /* AppDelegate.h */ = {isa = PBXFileReference; lastKnownFileType = sourcecode.c.h; path = AppDelegate.h; sourceTree = "<group>"; };
		BC6DB5FF1DB4C17900DFAB0E /* AppDelegate.m */ = {isa = PBXFileReference; lastKnownFileType = sourcecode.c.objc; path = AppDelegate.m; sourceTree = "<group>"; };
		BC6DB6011DB4C17900DFAB0E /* ViewController.h */ = {isa = PBXFileReference; lastKnownFileType = sourcecode.c.h; path = ViewController.h; sourceTree = "<group>"; };
		BC6DB6021DB4C17900DFAB0E /* ViewController.m */ = {isa = PBXFileReference; lastKnownFileType = sourcecode.c.objc; path = ViewController.m; sourceTree = "<group>"; };
		BC6DB6051DB4C17900DFAB0E /* Base */ = {isa = PBXFileReference; lastKnownFileType = file.storyboard; name = Base; path = Base.lproj/Main.storyboard; sourceTree = "<group>"; };
		BC6DB6071DB4C17900DFAB0E /* Assets.xcassets */ = {isa = PBXFileReference; lastKnownFileType = folder.assetcatalog; path = Assets.xcassets; sourceTree = "<group>"; };
		BC6DB60A1DB4C17900DFAB0E /* Base */ = {isa = PBXFileReference; lastKnownFileType = file.storyboard; name = Base; path = Base.lproj/LaunchScreen.storyboard; sourceTree = "<group>"; };
		BC6DB60C1DB4C17900DFAB0E /* Info.plist */ = {isa = PBXFileReference; lastKnownFileType = text.plist.xml; path = Info.plist; sourceTree = "<group>"; };
		BC6DB6131DB4C21400DFAB0E /* Security.framework */ = {isa = PBXFileReference; lastKnownFileType = wrapper.framework; name = Security.framework; path = System/Library/Frameworks/Security.framework; sourceTree = SDKROOT; };
		BC6DB6161DB4C3B300DFAB0E /* public_key.der */ = {isa = PBXFileReference; lastKnownFileType = file; path = public_key.der; sourceTree = "<group>"; };
		BC6DB6171DB4C3B300DFAB0E /* private_key.p12 */ = {isa = PBXFileReference; lastKnownFileType = file; path = private_key.p12; sourceTree = "<group>"; };
		BC6DB61D1DB4C48B00DFAB0E /* RSAEncryptor.h */ = {isa = PBXFileReference; fileEncoding = 4; lastKnownFileType = sourcecode.c.h; path = RSAEncryptor.h; sourceTree = "<group>"; };
		BC6DB61E1DB4C48B00DFAB0E /* RSAEncryptor.m */ = {isa = PBXFileReference; fileEncoding = 4; lastKnownFileType = sourcecode.c.objc; path = RSAEncryptor.m; sourceTree = "<group>"; };
		BC6DB6201DB4C93100DFAB0E /* DM_RSA.entitlements */ = {isa = PBXFileReference; lastKnownFileType = text.plist.entitlements; path = DM_RSA.entitlements; sourceTree = "<group>"; };
		BC7E74DD1DCA2028003F99ED /* private.p12 */ = {isa = PBXFileReference; lastKnownFileType = file; path = private.p12; sourceTree = "<group>"; };
		BC7E74DF1DCA2383003F99ED /* apple_pay.cer */ = {isa = PBXFileReference; lastKnownFileType = file; path = apple_pay.cer; sourceTree = "<group>"; };
/* End PBXFileReference section */

/* Begin PBXFrameworksBuildPhase section */
		BC6DB5F51DB4C17900DFAB0E /* Frameworks */ = {
			isa = PBXFrameworksBuildPhase;
			buildActionMask = 2147483647;
			files = (
				BC6DB6141DB4C21400DFAB0E /* Security.framework in Frameworks */,
			);
			runOnlyForDeploymentPostprocessing = 0;
		};
/* End PBXFrameworksBuildPhase section */

/* Begin PBXGroup section */
		BC6DB5EF1DB4C17900DFAB0E = {
			isa = PBXGroup;
			children = (
				BC6DB5FA1DB4C17900DFAB0E /* DM_RSA */,
				BC6DB5F91DB4C17900DFAB0E /* Products */,
				BC6DB6121DB4C21400DFAB0E /* Frameworks */,
			);
			sourceTree = "<group>";
		};
		BC6DB5F91DB4C17900DFAB0E /* Products */ = {
			isa = PBXGroup;
			children = (
				BC6DB5F81DB4C17900DFAB0E /* DM_RSA.app */,
			);
			name = Products;
			sourceTree = "<group>";
		};
		BC6DB5FA1DB4C17900DFAB0E /* DM_RSA */ = {
			isa = PBXGroup;
			children = (
				BC6DB6201DB4C93100DFAB0E /* DM_RSA.entitlements */,
				BC6DB61D1DB4C48B00DFAB0E /* RSAEncryptor.h */,
				BC6DB61E1DB4C48B00DFAB0E /* RSAEncryptor.m */,
				BC6DB5FE1DB4C17900DFAB0E /* AppDelegate.h */,
				BC6DB5FF1DB4C17900DFAB0E /* AppDelegate.m */,
				BC6DB6011DB4C17900DFAB0E /* ViewController.h */,
				BC6DB6021DB4C17900DFAB0E /* ViewController.m */,
				BC6DB6041DB4C17900DFAB0E /* Main.storyboard */,
				BC6DB6071DB4C17900DFAB0E /* Assets.xcassets */,
				BC6DB6091DB4C17900DFAB0E /* LaunchScreen.storyboard */,
				BC6DB60C1DB4C17900DFAB0E /* Info.plist */,
				BC6DB5FB1DB4C17900DFAB0E /* Supporting Files */,
			);
			path = DM_RSA;
			sourceTree = "<group>";
		};
		BC6DB5FB1DB4C17900DFAB0E /* Supporting Files */ = {
			isa = PBXGroup;
			children = (
				BC6DB6151DB4C35C00DFAB0E /* Resource */,
				BC6DB5FC1DB4C17900DFAB0E /* main.m */,
			);
			name = "Supporting Files";
			sourceTree = "<group>";
		};
		BC6DB6121DB4C21400DFAB0E /* Frameworks */ = {
			isa = PBXGroup;
			children = (
				BC6DB6131DB4C21400DFAB0E /* Security.framework */,
			);
			name = Frameworks;
			sourceTree = "<group>";
		};
		BC6DB6151DB4C35C00DFAB0E /* Resource */ = {
			isa = PBXGroup;
			children = (
				BC7E74E11DCA2426003F99ED /* KeyChain */,
				BC6DB6161DB4C3B300DFAB0E /* public_key.der */,
				BC6DB6171DB4C3B300DFAB0E /* private_key.p12 */,
			);
			name = Resource;
			path = "../iOS-RSA-TEST";
			sourceTree = "<group>";
		};
		BC7E74E11DCA2426003F99ED /* KeyChain */ = {
			isa = PBXGroup;
			children = (
				BC7E74DF1DCA2383003F99ED /* apple_pay.cer */,
				BC7E74DD1DCA2028003F99ED /* private.p12 */,
			);
			name = KeyChain;
			sourceTree = "<group>";
		};
/* End PBXGroup section */

/* Begin PBXNativeTarget section */
		BC6DB5F71DB4C17900DFAB0E /* DM_RSA */ = {
			isa = PBXNativeTarget;
			buildConfigurationList = BC6DB60F1DB4C17900DFAB0E /* Build configuration list for PBXNativeTarget "DM_RSA" */;
			buildPhases = (
				BC6DB5F41DB4C17900DFAB0E /* Sources */,
				BC6DB5F51DB4C17900DFAB0E /* Frameworks */,
				BC6DB5F61DB4C17900DFAB0E /* Resources */,
			);
			buildRules = (
			);
			dependencies = (
			);
			name = DM_RSA;
			productName = DM_RSA;
			productReference = BC6DB5F81DB4C17900DFAB0E /* DM_RSA.app */;
			productType = "com.apple.product-type.application";
		};
/* End PBXNativeTarget section */

/* Begin PBXProject section */
		BC6DB5F01DB4C17900DFAB0E /* Project object */ = {
			isa = PBXProject;
			attributes = {
				LastUpgradeCheck = 0800;
				ORGANIZATIONNAME = brook;
				TargetAttributes = {
					BC6DB5F71DB4C17900DFAB0E = {
						CreatedOnToolsVersion = 8.0;
						DevelopmentTeam = XH8687Z8TS;
						ProvisioningStyle = Automatic;
						SystemCapabilities = {
							com.apple.Keychain = {
								enabled = 1;
							};
						};
					};
				};
			};
			buildConfigurationList = BC6DB5F31DB4C17900DFAB0E /* Build configuration list for PBXProject "DM_RSA" */;
			compatibilityVersion = "Xcode 3.2";
			developmentRegion = English;
			hasScannedForEncodings = 0;
			knownRegions = (
				en,
				Base,
			);
			mainGroup = BC6DB5EF1DB4C17900DFAB0E;
			productRefGroup = BC6DB5F91DB4C17900DFAB0E /* Products */;
			projectDirPath = "";
			projectRoot = "";
			targets = (
				BC6DB5F71DB4C17900DFAB0E /* DM_RSA */,
			);
		};
/* End PBXProject section */

/* Begin PBXResourcesBuildPhase section */
		BC6DB5F61DB4C17900DFAB0E /* Resources */ = {
			isa = PBXResourcesBuildPhase;
			buildActionMask = 2147483647;
			files = (
				BC6DB60B1DB4C17900DFAB0E /* LaunchScreen.storyboard in Resources */,
				BC7E74DE1DCA2028003F99ED /* private.p12 in Resources */,
				BC6DB6081DB4C17900DFAB0E /* Assets.xcassets in Resources */,
				BC6DB6181DB4C3B300DFAB0E /* public_key.der in Resources */,
				BC7E74E01DCA2383003F99ED /* apple_pay.cer in Resources */,
				BC6DB6191DB4C3B300DFAB0E /* private_key.p12 in Resources */,
				BC6DB6061DB4C17900DFAB0E /* Main.storyboard in Resources */,
			);
			runOnlyForDeploymentPostprocessing = 0;
		};
/* End PBXResourcesBuildPhase section */

/* Begin PBXSourcesBuildPhase section */
		BC6DB5F41DB4C17900DFAB0E /* Sources */ = {
			isa = PBXSourcesBuildPhase;
			buildActionMask = 2147483647;
			files = (
				BC6DB6031DB4C17900DFAB0E /* ViewController.m in Sources */,
				BC6DB61F1DB4C48B00DFAB0E /* RSAEncryptor.m in Sources */,
				BC6DB6001DB4C17900DFAB0E /* AppDelegate.m in Sources */,
				BC6DB5FD1DB4C17900DFAB0E /* main.m in Sources */,
			);
			runOnlyForDeploymentPostprocessing = 0;
		};
/* End PBXSourcesBuildPhase section */

/* Begin PBXVariantGroup section */
		BC6DB6041DB4C17900DFAB0E /* Main.storyboard */ = {
			isa = PBXVariantGroup;
			children = (
				BC6DB6051DB4C17900DFAB0E /* Base */,
			);
			name = Main.storyboard;
			sourceTree = "<group>";
		};
		BC6DB6091DB4C17900DFAB0E /* LaunchScreen.storyboard */ = {
			isa = PBXVariantGroup;
			children = (
				BC6DB60A1DB4C17900DFAB0E /* Base */,
			);
			name = LaunchScreen.storyboard;
			sourceTree = "<group>";
		};
/* End PBXVariantGroup section */

/* Begin XCBuildConfiguration section */
		BC6DB60D1DB4C17900DFAB0E /* Debug */ = {
			isa = XCBuildConfiguration;
			buildSettings = {
				ALWAYS_SEARCH_USER_PATHS = NO;
				CLANG_ANALYZER_NONNULL = YES;
				CLANG_CXX_LANGUAGE_STANDARD = "gnu++0x";
				CLANG_CXX_LIBRARY = "libc++";
				CLANG_ENABLE_MODULES = YES;
				CLANG_ENABLE_OBJC_ARC = YES;
				CLANG_WARN_BOOL_CONVERSION = YES;
				CLANG_WARN_CONSTANT_CONVERSION = YES;
				CLANG_WARN_DIRECT_OBJC_ISA_USAGE = YES_ERROR;
				CLANG_WARN_DOCUMENTATION_COMMENTS = YES;
				CLANG_WARN_EMPTY_BODY = YES;
				CLANG_WARN_ENUM_CONVERSION = YES;
				CLANG_WARN_INFINITE_RECURSION = YES;
				CLANG_WARN_INT_CONVERSION = YES;
				CLANG_WARN_OBJC_ROOT_CLASS = YES_ERROR;
				CLANG_WARN_SUSPICIOUS_MOVES = YES;
				CLANG_WARN_UNREACHABLE_CODE = YES;
				CLANG_WARN__DUPLICATE_METHOD_MATCH = YES;
				"CODE_SIGN_IDENTITY[sdk=iphoneos*]" = "iPhone Developer";
				COPY_PHASE_STRIP = NO;
				DEBUG_INFORMATION_FORMAT = dwarf;
				ENABLE_STRICT_OBJC_MSGSEND = YES;
				ENABLE_TESTABILITY = YES;
				GCC_C_LANGUAGE_STANDARD = gnu99;
				GCC_DYNAMIC_NO_PIC = NO;
				GCC_NO_COMMON_BLOCKS = YES;
				GCC_OPTIMIZATION_LEVEL = 0;
				GCC_PREPROCESSOR_DEFINITIONS = (
					"DEBUG=1",
					"$(inherited)",
				);
				GCC_WARN_64_TO_32_BIT_CONVERSION = YES;
				GCC_WARN_ABOUT_RETURN_TYPE = YES_ERROR;
				GCC_WARN_UNDECLARED_SELECTOR = YES;
				GCC_WARN_UNINITIALIZED_AUTOS = YES_AGGRESSIVE;
				GCC_WARN_UNUSED_FUNCTION = YES;
				GCC_WARN_UNUSED_VARIABLE = YES;
				IPHONEOS_DEPLOYMENT_TARGET = 10.0;
				MTL_ENABLE_DEBUG_INFO = YES;
				ONLY_ACTIVE_ARCH = YES;
				SDKROOT = iphoneos;
			};
			name = Debug;
		};
		BC6DB60E1DB4C17900DFAB0E /* Release */ = {
			isa = XCBuildConfiguration;
			buildSettings = {
				ALWAYS_SEARCH_USER_PATHS = NO;
				CLANG_ANALYZER_NONNULL = YES;
				CLANG_CXX_LANGUAGE_STANDARD = "gnu++0x";
				CLANG_CXX_LIBRARY = "libc++";
				CLANG_ENABLE_MODULES = YES;
				CLANG_ENABLE_OBJC_ARC = YES;
				CLANG_WARN_BOOL_CONVERSION = YES;
				CLANG_WARN_CONSTANT_CONVERSION = YES;
				CLANG_WARN_DIRECT_OBJC_ISA_USAGE = YES_ERROR;
				CLANG_WARN_DOCUMENTATION_COMMENTS = YES;
				CLANG_WARN_EMPTY_BODY = YES;
				CLANG_WARN_ENUM_CONVERSION = YES;
				CLANG_WARN_INFINITE_RECURSION = YES;
				CLANG_WARN_INT_CONVERSION = YES;
				CLANG_WARN_OBJC_ROOT_CLASS = YES_ERROR;
				CLANG_WARN_SUSPICIOUS_MOVES = YES;
				CLANG_WARN_UNREACHABLE_CODE = YES;
				CLANG_WARN__DUPLICATE_METHOD_MATCH = YES;
				"CODE_SIGN_IDENTITY[sdk=iphoneos*]" = "iPhone Developer";
				COPY_PHASE_STRIP = NO;
				DEBUG_INFORMATION_FORMAT = "dwarf-with-dsym";
				ENABLE_NS_ASSERTIONS = NO;
				ENABLE_STRICT_OBJC_MSGSEND = YES;
				GCC_C_LANGUAGE_STANDARD = gnu99;
				GCC_NO_COMMON_BLOCKS = YES;
				GCC_WARN_64_TO_32_BIT_CONVERSION = YES;
				GCC_WARN_ABOUT_RETURN_TYPE = YES_ERROR;
				GCC_WARN_UNDECLARED_SELECTOR = YES;
				GCC_WARN_UNINITIALIZED_AUTOS = YES_AGGRESSIVE;
				GCC_WARN_UNUSED_FUNCTION = YES;
				GCC_WARN_UNUSED_VARIABLE = YES;
				IPHONEOS_DEPLOYMENT_TARGET = 10.0;
				MTL_ENABLE_DEBUG_INFO = NO;
				SDKROOT = iphoneos;
				VALIDATE_PRODUCT = YES;
			};
			name = Release;
		};
		BC6DB6101DB4C17900DFAB0E /* Debug */ = {
			isa = XCBuildConfiguration;
			buildSettings = {
				ASSETCATALOG_COMPILER_APPICON_NAME = AppIcon;
				CODE_SIGN_ENTITLEMENTS = DM_RSA/DM_RSA.entitlements;
				DEVELOPMENT_TEAM = XH8687Z8TS;
				INFOPLIST_FILE = DM_RSA/Info.plist;
				LD_RUNPATH_SEARCH_PATHS = "$(inherited) @executable_path/Frameworks";
				PRODUCT_BUNDLE_IDENTIFIER = "brook.DM-RSA";
				PRODUCT_NAME = "$(TARGET_NAME)";
			};
			name = Debug;
		};
		BC6DB6111DB4C17900DFAB0E /* Release */ = {
			isa = XCBuildConfiguration;
			buildSettings = {
				ASSETCATALOG_COMPILER_APPICON_NAME = AppIcon;
				CODE_SIGN_ENTITLEMENTS = DM_RSA/DM_RSA.entitlements;
				DEVELOPMENT_TEAM = XH8687Z8TS;
				INFOPLIST_FILE = DM_RSA/Info.plist;
				LD_RUNPATH_SEARCH_PATHS = "$(inherited) @executable_path/Frameworks";
				PRODUCT_BUNDLE_IDENTIFIER = "brook.DM-RSA";
				PRODUCT_NAME = "$(TARGET_NAME)";
			};
			name = Release;
		};
/* End XCBuildConfiguration section */

/* Begin XCConfigurationList section */
		BC6DB5F31DB4C17900DFAB0E /* Build configuration list for PBXProject "DM_RSA" */ = {
			isa = XCConfigurationList;
			buildConfigurations = (
				BC6DB60D1DB4C17900DFAB0E /* Debug */,
				BC6DB60E1DB4C17900DFAB0E /* Release */,
			);
			defaultConfigurationIsVisible = 0;
			defaultConfigurationName = Release;
		};
		BC6DB60F1DB4C17900DFAB0E /* Build configuration list for PBXNativeTarget "DM_RSA" */ = {
			isa = XCConfigurationList;
			buildConfigurations = (
				BC6DB6101DB4C17900DFAB0E /* Debug */,
				BC6DB6111DB4C17900DFAB0E /* Release */,
			);
			defaultConfigurationIsVisible = 0;
			defaultConfigurationName = Release;
		};
/* End XCConfigurationList section */
	};
	rootObject = BC6DB5F01DB4C17900DFAB0E /* Project object */;
}
